// !$*UTF8*$!
{
	archiveVersion = 1;
	classes = {
	};
	objectVersion = 77;
	objects = {

/* Begin PBXBuildFile section */
		945BF4212EDB821D00AD6B9F /* SQLiteData in Frameworks */ = {isa = PBXBuildFile; productRef = 945BF4202EDB821D00AD6B9F /* SQLiteData */; };
		945BF42C2EDB865100AD6B9F /* ReplayKit.framework in Frameworks */ = {isa = PBXBuildFile; fileRef = 945BF42B2EDB865100AD6B9F /* ReplayKit.framework */; };
		945BF4332EDB865100AD6B9F /* BroadcastExtension.appex in Embed Foundation Extensions */ = {isa = PBXBuildFile; fileRef = 945BF4292EDB865100AD6B9F /* BroadcastExtension.appex */; settings = {ATTRIBUTES = (RemoveHeadersOnCopy, ); }; };
		94E1C93C2EDB89ED008F126F /* SQLiteData in Frameworks */ = {isa = PBXBuildFile; productRef = 94E1C93B2EDB89ED008F126F /* SQLiteData */; };
/* End PBXBuildFile section */

/* Begin PBXContainerItemProxy section */
		945BF4312EDB865100AD6B9F /* PBXContainerItemProxy */ = {
			isa = PBXContainerItemProxy;
			containerPortal = 9499ADAD2EDB7C7E00E950D1 /* Project object */;
			proxyType = 1;
			remoteGlobalIDString = 945BF4282EDB865100AD6B9F;
			remoteInfo = BroadcastExtension;
		};
		9499ADC62EDB7C7F00E950D1 /* PBXContainerItemProxy */ = {
			isa = PBXContainerItemProxy;
			containerPortal = 9499ADAD2EDB7C7E00E950D1 /* Project object */;
			proxyType = 1;
			remoteGlobalIDString = 9499ADB42EDB7C7E00E950D1;
			remoteInfo = "swift-sharing-and-sqlite-data-exploration-with-extensions";
		};
		9499ADD02EDB7C7F00E950D1 /* PBXContainerItemProxy */ = {
			isa = PBXContainerItemProxy;
			containerPortal = 9499ADAD2EDB7C7E00E950D1 /* Project object */;
			proxyType = 1;
			remoteGlobalIDString = 9499ADB42EDB7C7E00E950D1;
			remoteInfo = "swift-sharing-and-sqlite-data-exploration-with-extensions";
		};
/* End PBXContainerItemProxy section */

/* Begin PBXCopyFilesBuildPhase section */
		945BF4382EDB865100AD6B9F /* Embed Foundation Extensions */ = {
			isa = PBXCopyFilesBuildPhase;
			buildActionMask = 2147483647;
			dstPath = "";
			dstSubfolderSpec = 13;
			files = (
				945BF4332EDB865100AD6B9F /* BroadcastExtension.appex in Embed Foundation Extensions */,
			);
			name = "Embed Foundation Extensions";
			runOnlyForDeploymentPostprocessing = 0;
		};
/* End PBXCopyFilesBuildPhase section */

/* Begin PBXFileReference section */
		945BF4292EDB865100AD6B9F /* BroadcastExtension.appex */ = {isa = PBXFileReference; explicitFileType = "wrapper.app-extension"; includeInIndex = 0; path = BroadcastExtension.appex; sourceTree = BUILT_PRODUCTS_DIR; };
		945BF42B2EDB865100AD6B9F /* ReplayKit.framework */ = {isa = PBXFileReference; lastKnownFileType = wrapper.framework; name = ReplayKit.framework; path = System/Library/Frameworks/ReplayKit.framework; sourceTree = SDKROOT; };
		9499ADB52EDB7C7E00E950D1 /* swift-sharing-and-sqlite-data-exploration-with-extensions.app */ = {isa = PBXFileReference; explicitFileType = wrapper.application; includeInIndex = 0; path = "swift-sharing-and-sqlite-data-exploration-with-extensions.app"; sourceTree = BUILT_PRODUCTS_DIR; };
		9499ADC52EDB7C7F00E950D1 /* swift-sharing-and-sqlite-data-exploration-with-extensionsTests.xctest */ = {isa = PBXFileReference; explicitFileType = wrapper.cfbundle; includeInIndex = 0; path = "swift-sharing-and-sqlite-data-exploration-with-extensionsTests.xctest"; sourceTree = BUILT_PRODUCTS_DIR; };
		9499ADCF2EDB7C7F00E950D1 /* swift-sharing-and-sqlite-data-exploration-with-extensionsUITests.xctest */ = {isa = PBXFileReference; explicitFileType = wrapper.cfbundle; includeInIndex = 0; path = "swift-sharing-and-sqlite-data-exploration-with-extensionsUITests.xctest"; sourceTree = BUILT_PRODUCTS_DIR; };
/* End PBXFileReference section */

/* Begin PBXFileSystemSynchronizedBuildFileExceptionSet section */
		945BF4342EDB865100AD6B9F /* Exceptions for "BroadcastExtension" folder in "BroadcastExtension" target */ = {
			isa = PBXFileSystemSynchronizedBuildFileExceptionSet;
			membershipExceptions = (
				Info.plist,
			);
			target = 945BF4282EDB865100AD6B9F /* BroadcastExtension */;
		};
		94C668A82EDBE133007E924E /* Exceptions for "swift-sharing-and-sqlite-data-exploration-with-extensions" folder in "swift-sharing-and-sqlite-data-exploration-with-extensions" target */ = {
			isa = PBXFileSystemSynchronizedBuildFileExceptionSet;
			membershipExceptions = (
				Info.plist,
			);
			target = 9499ADB42EDB7C7E00E950D1 /* swift-sharing-and-sqlite-data-exploration-with-extensions */;
		};
		94E1C93A2EDB893F008F126F /* Exceptions for "swift-sharing-and-sqlite-data-exploration-with-extensions" folder in "BroadcastExtension" target */ = {
			isa = PBXFileSystemSynchronizedBuildFileExceptionSet;
			membershipExceptions = (
				SharedDatabase.swift,
			);
			target = 945BF4282EDB865100AD6B9F /* BroadcastExtension */;
		};
/* End PBXFileSystemSynchronizedBuildFileExceptionSet section */

/* Begin PBXFileSystemSynchronizedRootGroup section */
		945BF42D2EDB865100AD6B9F /* BroadcastExtension */ = {
			isa = PBXFileSystemSynchronizedRootGroup;
			exceptions = (
				945BF4342EDB865100AD6B9F /* Exceptions for "BroadcastExtension" folder in "BroadcastExtension" target */,
			);
			path = BroadcastExtension;
			sourceTree = "<group>";
		};
		9499ADB72EDB7C7E00E950D1 /* swift-sharing-and-sqlite-data-exploration-with-extensions */ = {
			isa = PBXFileSystemSynchronizedRootGroup;
			exceptions = (
				94C668A82EDBE133007E924E /* Exceptions for "swift-sharing-and-sqlite-data-exploration-with-extensions" folder in "swift-sharing-and-sqlite-data-exploration-with-extensions" target */,
				94E1C93A2EDB893F008F126F /* Exceptions for "swift-sharing-and-sqlite-data-exploration-with-extensions" folder in "BroadcastExtension" target */,
			);
			path = "swift-sharing-and-sqlite-data-exploration-with-extensions";
			sourceTree = "<group>";
		};
		9499ADC82EDB7C7F00E950D1 /* swift-sharing-and-sqlite-data-exploration-with-extensionsTests */ = {
			isa = PBXFileSystemSynchronizedRootGroup;
			path = "swift-sharing-and-sqlite-data-exploration-with-extensionsTests";
			sourceTree = "<group>";
		};
		9499ADD22EDB7C7F00E950D1 /* swift-sharing-and-sqlite-data-exploration-with-extensionsUITests */ = {
			isa = PBXFileSystemSynchronizedRootGroup;
			path = "swift-sharing-and-sqlite-data-exploration-with-extensionsUITests";
			sourceTree = "<group>";
		};
/* End PBXFileSystemSynchronizedRootGroup section */

/* Begin PBXFrameworksBuildPhase section */
		945BF4262EDB865100AD6B9F /* Frameworks */ = {
			isa = PBXFrameworksBuildPhase;
			buildActionMask = 2147483647;
			files = (
				94E1C93C2EDB89ED008F126F /* SQLiteData in Frameworks */,
				945BF42C2EDB865100AD6B9F /* ReplayKit.framework in Frameworks */,
			);
			runOnlyForDeploymentPostprocessing = 0;
		};
		9499ADB22EDB7C7E00E950D1 /* Frameworks */ = {
			isa = PBXFrameworksBuildPhase;
			buildActionMask = 2147483647;
			files = (
				945BF4212EDB821D00AD6B9F /* SQLiteData in Frameworks */,
			);
			runOnlyForDeploymentPostprocessing = 0;
		};
		9499ADC22EDB7C7F00E950D1 /* Frameworks */ = {
			isa = PBXFrameworksBuildPhase;
			buildActionMask = 2147483647;
			files = (
			);
			runOnlyForDeploymentPostprocessing = 0;
		};
		9499ADCC2EDB7C7F00E950D1 /* Frameworks */ = {
			isa = PBXFrameworksBuildPhase;
			buildActionMask = 2147483647;
			files = (
			);
			runOnlyForDeploymentPostprocessing = 0;
		};
/* End PBXFrameworksBuildPhase section */

/* Begin PBXGroup section */
		945BF42A2EDB865100AD6B9F /* Frameworks */ = {
			isa = PBXGroup;
			children = (
				945BF42B2EDB865100AD6B9F /* ReplayKit.framework */,
			);
			name = Frameworks;
			sourceTree = "<group>";
		};
		9499ADAC2EDB7C7E00E950D1 = {
			isa = PBXGroup;
			children = (
				9499ADB72EDB7C7E00E950D1 /* swift-sharing-and-sqlite-data-exploration-with-extensions */,
				9499ADC82EDB7C7F00E950D1 /* swift-sharing-and-sqlite-data-exploration-with-extensionsTests */,
				9499ADD22EDB7C7F00E950D1 /* swift-sharing-and-sqlite-data-exploration-with-extensionsUITests */,
				945BF42D2EDB865100AD6B9F /* BroadcastExtension */,
				945BF42A2EDB865100AD6B9F /* Frameworks */,
				9499ADB62EDB7C7E00E950D1 /* Products */,
			);
			sourceTree = "<group>";
		};
		9499ADB62EDB7C7E00E950D1 /* Products */ = {
			isa = PBXGroup;
			children = (
				9499ADB52EDB7C7E00E950D1 /* swift-sharing-and-sqlite-data-exploration-with-extensions.app */,
				9499ADC52EDB7C7F00E950D1 /* swift-sharing-and-sqlite-data-exploration-with-extensionsTests.xctest */,
				9499ADCF2EDB7C7F00E950D1 /* swift-sharing-and-sqlite-data-exploration-with-extensionsUITests.xctest */,
				945BF4292EDB865100AD6B9F /* BroadcastExtension.appex */,
			);
			name = Products;
			sourceTree = "<group>";
		};
/* End PBXGroup section */

/* Begin PBXNativeTarget section */
		945BF4282EDB865100AD6B9F /* BroadcastExtension */ = {
			isa = PBXNativeTarget;
			buildConfigurationList = 945BF4352EDB865100AD6B9F /* Build configuration list for PBXNativeTarget "BroadcastExtension" */;
			buildPhases = (
				945BF4252EDB865100AD6B9F /* Sources */,
				945BF4262EDB865100AD6B9F /* Frameworks */,
				945BF4272EDB865100AD6B9F /* Resources */,
			);
			buildRules = (
			);
			dependencies = (
			);
			fileSystemSynchronizedGroups = (
				945BF42D2EDB865100AD6B9F /* BroadcastExtension */,
			);
			name = BroadcastExtension;
			packageProductDependencies = (
				94E1C93B2EDB89ED008F126F /* SQLiteData */,
			);
			productName = BroadcastExtension;
			productReference = 945BF4292EDB865100AD6B9F /* BroadcastExtension.appex */;
			productType = "com.apple.product-type.app-extension";
		};
		9499ADB42EDB7C7E00E950D1 /* swift-sharing-and-sqlite-data-exploration-with-extensions */ = {
			isa = PBXNativeTarget;
			buildConfigurationList = 9499ADD92EDB7C7F00E950D1 /* Build configuration list for PBXNativeTarget "swift-sharing-and-sqlite-data-exploration-with-extensions" */;
			buildPhases = (
				9499ADB12EDB7C7E00E950D1 /* Sources */,
				9499ADB22EDB7C7E00E950D1 /* Frameworks */,
				9499ADB32EDB7C7E00E950D1 /* Resources */,
				945BF4382EDB865100AD6B9F /* Embed Foundation Extensions */,
			);
			buildRules = (
			);
			dependencies = (
				945BF4322EDB865100AD6B9F /* PBXTargetDependency */,
			);
			fileSystemSynchronizedGroups = (
				9499ADB72EDB7C7E00E950D1 /* swift-sharing-and-sqlite-data-exploration-with-extensions */,
			);
			name = "swift-sharing-and-sqlite-data-exploration-with-extensions";
			packageProductDependencies = (
				945BF4202EDB821D00AD6B9F /* SQLiteData */,
			);
			productName = "swift-sharing-and-sqlite-data-exploration-with-extensions";
			productReference = 9499ADB52EDB7C7E00E950D1 /* swift-sharing-and-sqlite-data-exploration-with-extensions.app */;
			productType = "com.apple.product-type.application";
		};
		9499ADC42EDB7C7F00E950D1 /* swift-sharing-and-sqlite-data-exploration-with-extensionsTests */ = {
			isa = PBXNativeTarget;
			buildConfigurationList = 9499ADDC2EDB7C7F00E950D1 /* Build configuration list for PBXNativeTarget "swift-sharing-and-sqlite-data-exploration-with-extensionsTests" */;
			buildPhases = (
				9499ADC12EDB7C7F00E950D1 /* Sources */,
				9499ADC22EDB7C7F00E950D1 /* Frameworks */,
				9499ADC32EDB7C7F00E950D1 /* Resources */,
			);
			buildRules = (
			);
			dependencies = (
				9499ADC72EDB7C7F00E950D1 /* PBXTargetDependency */,
			);
			fileSystemSynchronizedGroups = (
				9499ADC82EDB7C7F00E950D1 /* swift-sharing-and-sqlite-data-exploration-with-extensionsTests */,
			);
			name = "swift-sharing-and-sqlite-data-exploration-with-extensionsTests";
			packageProductDependencies = (
			);
			productName = "swift-sharing-and-sqlite-data-exploration-with-extensionsTests";
			productReference = 9499ADC52EDB7C7F00E950D1 /* swift-sharing-and-sqlite-data-exploration-with-extensionsTests.xctest */;
			productType = "com.apple.product-type.bundle.unit-test";
		};
		9499ADCE2EDB7C7F00E950D1 /* swift-sharing-and-sqlite-data-exploration-with-extensionsUITests */ = {
			isa = PBXNativeTarget;
			buildConfigurationList = 9499ADDF2EDB7C7F00E950D1 /* Build configuration list for PBXNativeTarget "swift-sharing-and-sqlite-data-exploration-with-extensionsUITests" */;
			buildPhases = (
				9499ADCB2EDB7C7F00E950D1 /* Sources */,
				9499ADCC2EDB7C7F00E950D1 /* Frameworks */,
				9499ADCD2EDB7C7F00E950D1 /* Resources */,
			);
			buildRules = (
			);
			dependencies = (
				9499ADD12EDB7C7F00E950D1 /* PBXTargetDependency */,
			);
			fileSystemSynchronizedGroups = (
				9499ADD22EDB7C7F00E950D1 /* swift-sharing-and-sqlite-data-exploration-with-extensionsUITests */,
			);
			name = "swift-sharing-and-sqlite-data-exploration-with-extensionsUITests";
			packageProductDependencies = (
			);
			productName = "swift-sharing-and-sqlite-data-exploration-with-extensionsUITests";
			productReference = 9499ADCF2EDB7C7F00E950D1 /* swift-sharing-and-sqlite-data-exploration-with-extensionsUITests.xctest */;
			productType = "com.apple.product-type.bundle.ui-testing";
		};
/* End PBXNativeTarget section */

/* Begin PBXProject section */
		9499ADAD2EDB7C7E00E950D1 /* Project object */ = {
			isa = PBXProject;
			attributes = {
				BuildIndependentTargetsInParallel = 1;
				LastSwiftUpdateCheck = 1620;
				LastUpgradeCheck = 1620;
				TargetAttributes = {
					945BF4282EDB865100AD6B9F = {
						CreatedOnToolsVersion = 16.2;
					};
					9499ADB42EDB7C7E00E950D1 = {
						CreatedOnToolsVersion = 16.2;
					};
					9499ADC42EDB7C7F00E950D1 = {
						CreatedOnToolsVersion = 16.2;
						TestTargetID = 9499ADB42EDB7C7E00E950D1;
					};
					9499ADCE2EDB7C7F00E950D1 = {
						CreatedOnToolsVersion = 16.2;
						TestTargetID = 9499ADB42EDB7C7E00E950D1;
					};
				};
			};
			buildConfigurationList = 9499ADB02EDB7C7E00E950D1 /* Build configuration list for PBXProject "swift-sharing-and-sqlite-data-exploration-with-extensions" */;
			developmentRegion = en;
			hasScannedForEncodings = 0;
			knownRegions = (
				en,
				Base,
			);
			mainGroup = 9499ADAC2EDB7C7E00E950D1;
			minimizedProjectReferenceProxies = 1;
			packageReferences = (
				945BF41F2EDB821D00AD6B9F /* XCRemoteSwiftPackageReference "sqlite-data" */,
			);
			preferredProjectObjectVersion = 77;
			productRefGroup = 9499ADB62EDB7C7E00E950D1 /* Products */;
			projectDirPath = "";
			projectRoot = "";
			targets = (
				9499ADB42EDB7C7E00E950D1 /* swift-sharing-and-sqlite-data-exploration-with-extensions */,
				9499ADC42EDB7C7F00E950D1 /* swift-sharing-and-sqlite-data-exploration-with-extensionsTests */,
				9499ADCE2EDB7C7F00E950D1 /* swift-sharing-and-sqlite-data-exploration-with-extensionsUITests */,
				945BF4282EDB865100AD6B9F /* BroadcastExtension */,
			);
		};
/* End PBXProject section */

/* Begin PBXResourcesBuildPhase section */
		945BF4272EDB865100AD6B9F /* Resources */ = {
			isa = PBXResourcesBuildPhase;
			buildActionMask = 2147483647;
			files = (
			);
			runOnlyForDeploymentPostprocessing = 0;
		};
		9499ADB32EDB7C7E00E950D1 /* Resources */ = {
			isa = PBXResourcesBuildPhase;
			buildActionMask = 2147483647;
			files = (
			);
			runOnlyForDeploymentPostprocessing = 0;
		};
		9499ADC32EDB7C7F00E950D1 /* Resources */ = {
			isa = PBXResourcesBuildPhase;
			buildActionMask = 2147483647;
			files = (
			);
			runOnlyForDeploymentPostprocessing = 0;
		};
		9499ADCD2EDB7C7F00E950D1 /* Resources */ = {
			isa = PBXResourcesBuildPhase;
			buildActionMask = 2147483647;
			files = (
			);
			runOnlyForDeploymentPostprocessing = 0;
		};
/* End PBXResourcesBuildPhase section */

/* Begin PBXSourcesBuildPhase section */
		945BF4252EDB865100AD6B9F /* Sources */ = {
			isa = PBXSourcesBuildPhase;
			buildActionMask = 2147483647;
			files = (
			);
			runOnlyForDeploymentPostprocessing = 0;
		};
		9499ADB12EDB7C7E00E950D1 /* Sources */ = {
			isa = PBXSourcesBuildPhase;
			buildActionMask = 2147483647;
			files = (
			);
			runOnlyForDeploymentPostprocessing = 0;
		};
		9499ADC12EDB7C7F00E950D1 /* Sources */ = {
			isa = PBXSourcesBuildPhase;
			buildActionMask = 2147483647;
			files = (
			);
			runOnlyForDeploymentPostprocessing = 0;
		};
		9499ADCB2EDB7C7F00E950D1 /* Sources */ = {
			isa = PBXSourcesBuildPhase;
			buildActionMask = 2147483647;
			files = (
			);
			runOnlyForDeploymentPostprocessing = 0;
		};
/* End PBXSourcesBuildPhase section */

/* Begin PBXTargetDependency section */
		945BF4322EDB865100AD6B9F /* PBXTargetDependency */ = {
			isa = PBXTargetDependency;
			target = 945BF4282EDB865100AD6B9F /* BroadcastExtension */;
			targetProxy = 945BF4312EDB865100AD6B9F /* PBXContainerItemProxy */;
		};
		9499ADC72EDB7C7F00E950D1 /* PBXTargetDependency */ = {
			isa = PBXTargetDependency;
			target = 9499ADB42EDB7C7E00E950D1 /* swift-sharing-and-sqlite-data-exploration-with-extensions */;
			targetProxy = 9499ADC62EDB7C7F00E950D1 /* PBXContainerItemProxy */;
		};
		9499ADD12EDB7C7F00E950D1 /* PBXTargetDependency */ = {
			isa = PBXTargetDependency;
			target = 9499ADB42EDB7C7E00E950D1 /* swift-sharing-and-sqlite-data-exploration-with-extensions */;
			targetProxy = 9499ADD02EDB7C7F00E950D1 /* PBXContainerItemProxy */;
		};
/* End PBXTargetDependency section */

/* Begin XCBuildConfiguration section */
		945BF4362EDB865100AD6B9F /* Debug */ = {
			isa = XCBuildConfiguration;
			buildSettings = {
				CODE_SIGN_ENTITLEMENTS = BroadcastExtension/BroadcastExtension.entitlements;
				CODE_SIGN_IDENTITY = "Apple Development";
				CODE_SIGN_STYLE = Automatic;
				CURRENT_PROJECT_VERSION = 1;
				DEVELOPMENT_TEAM = 4EC72DECN9;
				GENERATE_INFOPLIST_FILE = YES;
				INFOPLIST_FILE = BroadcastExtension/Info.plist;
				INFOPLIST_KEY_CFBundleDisplayName = BroadcastExtension;
				INFOPLIST_KEY_NSHumanReadableCopyright = "";
				LD_RUNPATH_SEARCH_PATHS = (
					"$(inherited)",
					"@executable_path/Frameworks",
					"@executable_path/../../Frameworks",
				);
				MARKETING_VERSION = 1.0;
				PRODUCT_BUNDLE_IDENTIFIER = "com.halfjew22.swift-sharing-and-sqlite-data-exploration-with-extensions.BroadcastExtension";
				PRODUCT_NAME = "$(TARGET_NAME)";
				PROVISIONING_PROFILE_SPECIFIER = "";
				SKIP_INSTALL = YES;
				SWIFT_EMIT_LOC_STRINGS = YES;
				SWIFT_VERSION = 5.0;
				TARGETED_DEVICE_FAMILY = "1,2";
			};
			name = Debug;
		};
		945BF4372EDB865100AD6B9F /* Release */ = {
			isa = XCBuildConfiguration;
			buildSettings = {
				CODE_SIGN_ENTITLEMENTS = BroadcastExtension/BroadcastExtension.entitlements;
				CODE_SIGN_IDENTITY = "Apple Development";
				CODE_SIGN_STYLE = Automatic;
				CURRENT_PROJECT_VERSION = 1;
				DEVELOPMENT_TEAM = 4EC72DECN9;
				GENERATE_INFOPLIST_FILE = YES;
				INFOPLIST_FILE = BroadcastExtension/Info.plist;
				INFOPLIST_KEY_CFBundleDisplayName = BroadcastExtension;
				INFOPLIST_KEY_NSHumanReadableCopyright = "";
				LD_RUNPATH_SEARCH_PATHS = (
					"$(inherited)",
					"@executable_path/Frameworks",
					"@executable_path/../../Frameworks",
				);
				MARKETING_VERSION = 1.0;
				PRODUCT_BUNDLE_IDENTIFIER = "com.halfjew22.swift-sharing-and-sqlite-data-exploration-with-extensions.BroadcastExtension";
				PRODUCT_NAME = "$(TARGET_NAME)";
				PROVISIONING_PROFILE_SPECIFIER = "";
				SKIP_INSTALL = YES;
				SWIFT_EMIT_LOC_STRINGS = YES;
				SWIFT_VERSION = 5.0;
				TARGETED_DEVICE_FAMILY = "1,2";
			};
			name = Release;
		};
		9499ADD72EDB7C7F00E950D1 /* Debug */ = {
			isa = XCBuildConfiguration;
			buildSettings = {
				ALWAYS_SEARCH_USER_PATHS = NO;
				ASSETCATALOG_COMPILER_GENERATE_SWIFT_ASSET_SYMBOL_EXTENSIONS = YES;
				CLANG_ANALYZER_NONNULL = YES;
				CLANG_ANALYZER_NUMBER_OBJECT_CONVERSION = YES_AGGRESSIVE;
				CLANG_CXX_LANGUAGE_STANDARD = "gnu++20";
				CLANG_ENABLE_MODULES = YES;
				CLANG_ENABLE_OBJC_ARC = YES;
				CLANG_ENABLE_OBJC_WEAK = YES;
				CLANG_WARN_BLOCK_CAPTURE_AUTORELEASING = YES;
				CLANG_WARN_BOOL_CONVERSION = YES;
				CLANG_WARN_COMMA = YES;
				CLANG_WARN_CONSTANT_CONVERSION = YES;
				CLANG_WARN_DEPRECATED_OBJC_IMPLEMENTATIONS = YES;
				CLANG_WARN_DIRECT_OBJC_ISA_USAGE = YES_ERROR;
				CLANG_WARN_DOCUMENTATION_COMMENTS = YES;
				CLANG_WARN_EMPTY_BODY = YES;
				CLANG_WARN_ENUM_CONVERSION = YES;
				CLANG_WARN_INFINITE_RECURSION = YES;
				CLANG_WARN_INT_CONVERSION = YES;
				CLANG_WARN_NON_LITERAL_NULL_CONVERSION = YES;
				CLANG_WARN_OBJC_IMPLICIT_RETAIN_SELF = YES;
				CLANG_WARN_OBJC_LITERAL_CONVERSION = YES;
				CLANG_WARN_OBJC_ROOT_CLASS = YES_ERROR;
				CLANG_WARN_QUOTED_INCLUDE_IN_FRAMEWORK_HEADER = YES;
				CLANG_WARN_RANGE_LOOP_ANALYSIS = YES;
				CLANG_WARN_STRICT_PROTOTYPES = YES;
				CLANG_WARN_SUSPICIOUS_MOVE = YES;
				CLANG_WARN_UNGUARDED_AVAILABILITY = YES_AGGRESSIVE;
				CLANG_WARN_UNREACHABLE_CODE = YES;
				CLANG_WARN__DUPLICATE_METHOD_MATCH = YES;
				COPY_PHASE_STRIP = NO;
				DEBUG_INFORMATION_FORMAT = dwarf;
				ENABLE_STRICT_OBJC_MSGSEND = YES;
				ENABLE_TESTABILITY = YES;
				ENABLE_USER_SCRIPT_SANDBOXING = YES;
				GCC_C_LANGUAGE_STANDARD = gnu17;
				GCC_DYNAMIC_NO_PIC = NO;
				GCC_NO_COMMON_BLOCKS = YES;
				GCC_OPTIMIZATION_LEVEL = 0;
				GCC_PREPROCESSOR_DEFINITIONS = (
					"DEBUG=1",
					"$(inherited)",
				);
				GCC_WARN_64_TO_32_BIT_CONVERSION = YES;
				GCC_WARN_ABOUT_RETURN_TYPE = YES_ERROR;
				GCC_WARN_UNDECLARED_SELECTOR = YES;
				GCC_WARN_UNINITIALIZED_AUTOS = YES_AGGRESSIVE;
				GCC_WARN_UNUSED_FUNCTION = YES;
				GCC_WARN_UNUSED_VARIABLE = YES;
				IPHONEOS_DEPLOYMENT_TARGET = 18.2;
				LOCALIZATION_PREFERS_STRING_CATALOGS = YES;
				MTL_ENABLE_DEBUG_INFO = INCLUDE_SOURCE;
				MTL_FAST_MATH = YES;
				ONLY_ACTIVE_ARCH = YES;
				SDKROOT = iphoneos;
				SWIFT_ACTIVE_COMPILATION_CONDITIONS = "DEBUG $(inherited)";
				SWIFT_OPTIMIZATION_LEVEL = "-Onone";
			};
			name = Debug;
		};
		9499ADD82EDB7C7F00E950D1 /* Release */ = {
			isa = XCBuildConfiguration;
			buildSettings = {
				ALWAYS_SEARCH_USER_PATHS = NO;
				ASSETCATALOG_COMPILER_GENERATE_SWIFT_ASSET_SYMBOL_EXTENSIONS = YES;
				CLANG_ANALYZER_NONNULL = YES;
				CLANG_ANALYZER_NUMBER_OBJECT_CONVERSION = YES_AGGRESSIVE;
				CLANG_CXX_LANGUAGE_STANDARD = "gnu++20";
				CLANG_ENABLE_MODULES = YES;
				CLANG_ENABLE_OBJC_ARC = YES;
				CLANG_ENABLE_OBJC_WEAK = YES;
				CLANG_WARN_BLOCK_CAPTURE_AUTORELEASING = YES;
				CLANG_WARN_BOOL_CONVERSION = YES;
				CLANG_WARN_COMMA = YES;
				CLANG_WARN_CONSTANT_CONVERSION = YES;
				CLANG_WARN_DEPRECATED_OBJC_IMPLEMENTATIONS = YES;
				CLANG_WARN_DIRECT_OBJC_ISA_USAGE = YES_ERROR;
				CLANG_WARN_DOCUMENTATION_COMMENTS = YES;
				CLANG_WARN_EMPTY_BODY = YES;
				CLANG_WARN_ENUM_CONVERSION = YES;
				CLANG_WARN_INFINITE_RECURSION = YES;
				CLANG_WARN_INT_CONVERSION = YES;
				CLANG_WARN_NON_LITERAL_NULL_CONVERSION = YES;
				CLANG_WARN_OBJC_IMPLICIT_RETAIN_SELF = YES;
				CLANG_WARN_OBJC_LITERAL_CONVERSION = YES;
				CLANG_WARN_OBJC_ROOT_CLASS = YES_ERROR;
				CLANG_WARN_QUOTED_INCLUDE_IN_FRAMEWORK_HEADER = YES;
				CLANG_WARN_RANGE_LOOP_ANALYSIS = YES;
				CLANG_WARN_STRICT_PROTOTYPES = YES;
				CLANG_WARN_SUSPICIOUS_MOVE = YES;
				CLANG_WARN_UNGUARDED_AVAILABILITY = YES_AGGRESSIVE;
				CLANG_WARN_UNREACHABLE_CODE = YES;
				CLANG_WARN__DUPLICATE_METHOD_MATCH = YES;
				COPY_PHASE_STRIP = NO;
				DEBUG_INFORMATION_FORMAT = "dwarf-with-dsym";
				ENABLE_NS_ASSERTIONS = NO;
				ENABLE_STRICT_OBJC_MSGSEND = YES;
				ENABLE_USER_SCRIPT_SANDBOXING = YES;
				GCC_C_LANGUAGE_STANDARD = gnu17;
				GCC_NO_COMMON_BLOCKS = YES;
				GCC_WARN_64_TO_32_BIT_CONVERSION = YES;
				GCC_WARN_ABOUT_RETURN_TYPE = YES_ERROR;
				GCC_WARN_UNDECLARED_SELECTOR = YES;
				GCC_WARN_UNINITIALIZED_AUTOS = YES_AGGRESSIVE;
				GCC_WARN_UNUSED_FUNCTION = YES;
				GCC_WARN_UNUSED_VARIABLE = YES;
				IPHONEOS_DEPLOYMENT_TARGET = 18.2;
				LOCALIZATION_PREFERS_STRING_CATALOGS = YES;
				MTL_ENABLE_DEBUG_INFO = NO;
				MTL_FAST_MATH = YES;
				SDKROOT = iphoneos;
				SWIFT_COMPILATION_MODE = wholemodule;
				VALIDATE_PRODUCT = YES;
			};
			name = Release;
		};
		9499ADDA2EDB7C7F00E950D1 /* Debug */ = {
			isa = XCBuildConfiguration;
			buildSettings = {
				ASSETCATALOG_COMPILER_APPICON_NAME = AppIcon;
				ASSETCATALOG_COMPILER_GLOBAL_ACCENT_COLOR_NAME = AccentColor;
				CODE_SIGN_ENTITLEMENTS = "swift-sharing-and-sqlite-data-exploration-with-extensions/swift-sharing-and-sqlite-data-exploration-with-extensions.entitlements";
				CODE_SIGN_STYLE = Automatic;
				CURRENT_PROJECT_VERSION = 1;
				DEVELOPMENT_ASSET_PATHS = "\"swift-sharing-and-sqlite-data-exploration-with-extensions/Preview Content\"";
				DEVELOPMENT_TEAM = 4EC72DECN9;
				ENABLE_PREVIEWS = YES;
				GENERATE_INFOPLIST_FILE = YES;
				INFOPLIST_FILE = "swift-sharing-and-sqlite-data-exploration-with-extensions/Info.plist";
				INFOPLIST_KEY_UIApplicationSceneManifest_Generation = YES;
				INFOPLIST_KEY_UIApplicationSupportsIndirectInputEvents = YES;
				INFOPLIST_KEY_UILaunchScreen_Generation = YES;
				INFOPLIST_KEY_UISupportedInterfaceOrientations_iPad = "UIInterfaceOrientationPortrait UIInterfaceOrientationPortraitUpsideDown UIInterfaceOrientationLandscapeLeft UIInterfaceOrientationLandscapeRight";
				INFOPLIST_KEY_UISupportedInterfaceOrientations_iPhone = "UIInterfaceOrientationPortrait UIInterfaceOrientationLandscapeLeft UIInterfaceOrientationLandscapeRight";
				LD_RUNPATH_SEARCH_PATHS = (
					"$(inherited)",
					"@executable_path/Frameworks",
				);
				MARKETING_VERSION = 1.0;
				PRODUCT_BUNDLE_IDENTIFIER = "com.halfjew22.swift-sharing-and-sqlite-data-exploration-with-extensions";
				PRODUCT_NAME = "$(TARGET_NAME)";
				SWIFT_EMIT_LOC_STRINGS = YES;
				SWIFT_VERSION = 5.0;
				TARGETED_DEVICE_FAMILY = "1,2";
			};
			name = Debug;
		};
		9499ADDB2EDB7C7F00E950D1 /* Release */ = {
			isa = XCBuildConfiguration;
			buildSettings = {
				ASSETCATALOG_COMPILER_APPICON_NAME = AppIcon;
				ASSETCATALOG_COMPILER_GLOBAL_ACCENT_COLOR_NAME = AccentColor;
				CODE_SIGN_ENTITLEMENTS = "swift-sharing-and-sqlite-data-exploration-with-extensions/swift-sharing-and-sqlite-data-exploration-with-extensions.entitlements";
				CODE_SIGN_STYLE = Automatic;
				CURRENT_PROJECT_VERSION = 1;
				DEVELOPMENT_ASSET_PATHS = "\"swift-sharing-and-sqlite-data-exploration-with-extensions/Preview Content\"";
				DEVELOPMENT_TEAM = 4EC72DECN9;
				ENABLE_PREVIEWS = YES;
				GENERATE_INFOPLIST_FILE = YES;
				INFOPLIST_FILE = "swift-sharing-and-sqlite-data-exploration-with-extensions/Info.plist";
				INFOPLIST_KEY_UIApplicationSceneManifest_Generation = YES;
				INFOPLIST_KEY_UIApplicationSupportsIndirectInputEvents = YES;
				INFOPLIST_KEY_UILaunchScreen_Generation = YES;
				INFOPLIST_KEY_UISupportedInterfaceOrientations_iPad = "UIInterfaceOrientationPortrait UIInterfaceOrientationPortraitUpsideDown UIInterfaceOrientationLandscapeLeft UIInterfaceOrientationLandscapeRight";
				INFOPLIST_KEY_UISupportedInterfaceOrientations_iPhone = "UIInterfaceOrientationPortrait UIInterfaceOrientationLandscapeLeft UIInterfaceOrientationLandscapeRight";
				LD_RUNPATH_SEARCH_PATHS = (
					"$(inherited)",
					"@executable_path/Frameworks",
				);
				MARKETING_VERSION = 1.0;
				PRODUCT_BUNDLE_IDENTIFIER = "com.halfjew22.swift-sharing-and-sqlite-data-exploration-with-extensions";
				PRODUCT_NAME = "$(TARGET_NAME)";
				SWIFT_EMIT_LOC_STRINGS = YES;
				SWIFT_VERSION = 5.0;
				TARGETED_DEVICE_FAMILY = "1,2";
			};
			name = Release;
		};
		9499ADDD2EDB7C7F00E950D1 /* Debug */ = {
			isa = XCBuildConfiguration;
			buildSettings = {
				BUNDLE_LOADER = "$(TEST_HOST)";
				CODE_SIGN_STYLE = Automatic;
				CURRENT_PROJECT_VERSION = 1;
				DEVELOPMENT_TEAM = 4EC72DECN9;
				GENERATE_INFOPLIST_FILE = YES;
				IPHONEOS_DEPLOYMENT_TARGET = 18.2;
				MARKETING_VERSION = 1.0;
				PRODUCT_BUNDLE_IDENTIFIER = "com.halfjew22.swift-sharing-and-sqlite-data-exploration-with-extensionsTests";
				PRODUCT_NAME = "$(TARGET_NAME)";
				SWIFT_EMIT_LOC_STRINGS = NO;
				SWIFT_VERSION = 5.0;
				TARGETED_DEVICE_FAMILY = "1,2";
				TEST_HOST = "$(BUILT_PRODUCTS_DIR)/swift-sharing-and-sqlite-data-exploration-with-extensions.app/$(BUNDLE_EXECUTABLE_FOLDER_PATH)/swift-sharing-and-sqlite-data-exploration-with-extensions";
			};
			name = Debug;
		};
		9499ADDE2EDB7C7F00E950D1 /* Release */ = {
			isa = XCBuildConfiguration;
			buildSettings = {
				BUNDLE_LOADER = "$(TEST_HOST)";
				CODE_SIGN_STYLE = Automatic;
				CURRENT_PROJECT_VERSION = 1;
				DEVELOPMENT_TEAM = 4EC72DECN9;
				GENERATE_INFOPLIST_FILE = YES;
				IPHONEOS_DEPLOYMENT_TARGET = 18.2;
				MARKETING_VERSION = 1.0;
				PRODUCT_BUNDLE_IDENTIFIER = "com.halfjew22.swift-sharing-and-sqlite-data-exploration-with-extensionsTests";
				PRODUCT_NAME = "$(TARGET_NAME)";
				SWIFT_EMIT_LOC_STRINGS = NO;
				SWIFT_VERSION = 5.0;
				TARGETED_DEVICE_FAMILY = "1,2";
				TEST_HOST = "$(BUILT_PRODUCTS_DIR)/swift-sharing-and-sqlite-data-exploration-with-extensions.app/$(BUNDLE_EXECUTABLE_FOLDER_PATH)/swift-sharing-and-sqlite-data-exploration-with-extensions";
			};
			name = Release;
		};
		9499ADE02EDB7C7F00E950D1 /* Debug */ = {
			isa = XCBuildConfiguration;
			buildSettings = {
				CODE_SIGN_STYLE = Automatic;
				CURRENT_PROJECT_VERSION = 1;
				DEVELOPMENT_TEAM = 4EC72DECN9;
				GENERATE_INFOPLIST_FILE = YES;
				MARKETING_VERSION = 1.0;
				PRODUCT_BUNDLE_IDENTIFIER = "com.halfjew22.swift-sharing-and-sqlite-data-exploration-with-extensionsUITests";
				PRODUCT_NAME = "$(TARGET_NAME)";
				SWIFT_EMIT_LOC_STRINGS = NO;
				SWIFT_VERSION = 5.0;
				TARGETED_DEVICE_FAMILY = "1,2";
				TEST_TARGET_NAME = "swift-sharing-and-sqlite-data-exploration-with-extensions";
			};
			name = Debug;
		};
		9499ADE12EDB7C7F00E950D1 /* Release */ = {
			isa = XCBuildConfiguration;
			buildSettings = {
				CODE_SIGN_STYLE = Automatic;
				CURRENT_PROJECT_VERSION = 1;
				DEVELOPMENT_TEAM = 4EC72DECN9;
				GENERATE_INFOPLIST_FILE = YES;
				MARKETING_VERSION = 1.0;
				PRODUCT_BUNDLE_IDENTIFIER = "com.halfjew22.swift-sharing-and-sqlite-data-exploration-with-extensionsUITests";
				PRODUCT_NAME = "$(TARGET_NAME)";
				SWIFT_EMIT_LOC_STRINGS = NO;
				SWIFT_VERSION = 5.0;
				TARGETED_DEVICE_FAMILY = "1,2";
				TEST_TARGET_NAME = "swift-sharing-and-sqlite-data-exploration-with-extensions";
			};
			name = Release;
		};
/* End XCBuildConfiguration section */

/* Begin XCConfigurationList section */
		945BF4352EDB865100AD6B9F /* Build configuration list for PBXNativeTarget "BroadcastExtension" */ = {
			isa = XCConfigurationList;
			buildConfigurations = (
				945BF4362EDB865100AD6B9F /* Debug */,
				945BF4372EDB865100AD6B9F /* Release */,
			);
			defaultConfigurationIsVisible = 0;
			defaultConfigurationName = Release;
		};
		9499ADB02EDB7C7E00E950D1 /* Build configuration list for PBXProject "swift-sharing-and-sqlite-data-exploration-with-extensions" */ = {
			isa = XCConfigurationList;
			buildConfigurations = (
				9499ADD72EDB7C7F00E950D1 /* Debug */,
				9499ADD82EDB7C7F00E950D1 /* Release */,
			);
			defaultConfigurationIsVisible = 0;
			defaultConfigurationName = Release;
		};
		9499ADD92EDB7C7F00E950D1 /* Build configuration list for PBXNativeTarget "swift-sharing-and-sqlite-data-exploration-with-extensions" */ = {
			isa = XCConfigurationList;
			buildConfigurations = (
				9499ADDA2EDB7C7F00E950D1 /* Debug */,
				9499ADDB2EDB7C7F00E950D1 /* Release */,
			);
			defaultConfigurationIsVisible = 0;
			defaultConfigurationName = Release;
		};
		9499ADDC2EDB7C7F00E950D1 /* Build configuration list for PBXNativeTarget "swift-sharing-and-sqlite-data-exploration-with-extensionsTests" */ = {
			isa = XCConfigurationList;
			buildConfigurations = (
				9499ADDD2EDB7C7F00E950D1 /* Debug */,
				9499ADDE2EDB7C7F00E950D1 /* Release */,
			);
			defaultConfigurationIsVisible = 0;
			defaultConfigurationName = Release;
		};
		9499ADDF2EDB7C7F00E950D1 /* Build configuration list for PBXNativeTarget "swift-sharing-and-sqlite-data-exploration-with-extensionsUITests" */ = {
			isa = XCConfigurationList;
			buildConfigurations = (
				9499ADE02EDB7C7F00E950D1 /* Debug */,
				9499ADE12EDB7C7F00E950D1 /* Release */,
			);
			defaultConfigurationIsVisible = 0;
			defaultConfigurationName = Release;
		};
/* End XCConfigurationList section */

/* Begin XCRemoteSwiftPackageReference section */
		945BF41F2EDB821D00AD6B9F /* XCRemoteSwiftPackageReference "sqlite-data" */ = {
			isa = XCRemoteSwiftPackageReference;
			repositoryURL = "https://github.com/pointfreeco/sqlite-data";
			requirement = {
				kind = upToNextMajorVersion;
				minimumVersion = 1.3.0;
			};
		};
/* End XCRemoteSwiftPackageReference section */

/* Begin XCSwiftPackageProductDependency section */
		945BF4202EDB821D00AD6B9F /* SQLiteData */ = {
			isa = XCSwiftPackageProductDependency;
			package = 945BF41F2EDB821D00AD6B9F /* XCRemoteSwiftPackageReference "sqlite-data" */;
			productName = SQLiteData;
		};
		94E1C93B2EDB89ED008F126F /* SQLiteData */ = {
			isa = XCSwiftPackageProductDependency;
			package = 945BF41F2EDB821D00AD6B9F /* XCRemoteSwiftPackageReference "sqlite-data" */;
			productName = SQLiteData;
		};
/* End XCSwiftPackageProductDependency section */
	};
	rootObject = 9499ADAD2EDB7C7E00E950D1 /* Project object */;
}
